
Microsoft Visual Studio Solution File, Format Version 12.00
# Visual Studio 15
VisualStudioVersion = 15.0.27004.2002
MinimumVisualStudioVersion = 10.0.40219.1
Project("{FAE04EC0-301F-11D3-BF4B-00C04F79EFBC}") = "MyTechnicalTask", "MyTechnicalTask\MyTechnicalTask.csproj", "{918E6836-3CEC-4FC1-8041-080EC4F8C527}"
EndProject
Project("{FAE04EC0-301F-11D3-BF4B-00C04F79EFBC}") = "Extensibility", "Extensibility\Extensibility.csproj", "{62A3EA7F-2030-4680-877C-455F55F96D0B}"
EndProject
Project("{FAE04EC0-301F-11D3-BF4B-00C04F79EFBC}") = "Services", "Services\Services.csproj", "{2A9F5768-DB09-4E2E-B558-5DFB1BED3439}"
EndProject
Project("{FAE04EC0-301F-11D3-BF4B-00C04F79EFBC}") = "Common", "Common\Common.csproj", "{08E3D79F-4DA9-4E56-9D6F-9826D562233B}"
EndProject
Global
	GlobalSection(SolutionConfigurationPlatforms) = preSolution
		Debug|Any CPU = Debug|Any CPU
		Release|Any CPU = Release|Any CPU
	EndGlobalSection
	GlobalSection(ProjectConfigurationPlatforms) = postSolution
		{918E6836-3CEC-4FC1-8041-080EC4F8C527}.Debug|Any CPU.ActiveCfg = Debug|Any CPU
		{918E6836-3CEC-4FC1-8041-080EC4F8C527}.Debug|Any CPU.Build.0 = Debug|Any CPU
		{918E6836-3CEC-4FC1-8041-080EC4F8C527}.Release|Any CPU.ActiveCfg = Release|Any CPU
		{918E6836-3CEC-4FC1-8041-080EC4F8C527}.Release|Any CPU.Build.0 = Release|Any CPU
		{62A3EA7F-2030-4680-877C-455F55F96D0B}.Debug|Any CPU.ActiveCfg = Debug|Any CPU
		{62A3EA7F-2030-4680-877C-455F55F96D0B}.Debug|Any CPU.Build.0 = Debug|Any CPU
		{62A3EA7F-2030-4680-877C-455F55F96D0B}.Release|Any CPU.ActiveCfg = Release|Any CPU
		{62A3EA7F-2030-4680-877C-455F55F96D0B}.Release|Any CPU.Build.0 = Release|Any CPU
		{2A9F5768-DB09-4E2E-B558-5DFB1BED3439}.Debug|Any CPU.ActiveCfg = Debug|Any CPU
		{2A9F5768-DB09-4E2E-B558-5DFB1BED3439}.Debug|Any CPU.Build.0 = Debug|Any CPU
		{2A9F5768-DB09-4E2E-B558-5DFB1BED3439}.Release|Any CPU.ActiveCfg = Release|Any CPU
		{2A9F5768-DB09-4E2E-B558-5DFB1BED3439}.Release|Any CPU.Build.0 = Release|Any CPU
		{08E3D79F-4DA9-4E56-9D6F-9826D562233B}.Debug|Any CPU.ActiveCfg = Debug|Any CPU
		{08E3D79F-4DA9-4E56-9D6F-9826D562233B}.Debug|Any CPU.Build.0 = Debug|Any CPU
		{08E3D79F-4DA9-4E56-9D6F-9826D562233B}.Release|Any CPU.ActiveCfg = Release|Any CPU
		{08E3D79F-4DA9-4E56-9D6F-9826D562233B}.Release|Any CPU.Build.0 = Release|Any CPU
	EndGlobalSection
	GlobalSection(SolutionProperties) = preSolution
		HideSolutionNode = FALSE
	EndGlobalSection
	GlobalSection(ExtensibilityGlobals) = postSolution
		SolutionGuid = {96AAAEB6-764C-48DD-8E8D-C6A89343E5D0}
	EndGlobalSection
EndGlobal
